
Microsoft Visual Studio Solution File, Format Version 12.00
# Visual Studio 15
VisualStudioVersion = 15.0.28010.2050
MinimumVisualStudioVersion = 10.0.40219.1
Project("{FAE04EC0-301F-11D3-BF4B-00C04F79EFBC}") = "TransferFileApp", "TransferFileApp\TransferFileApp.csproj", "{7AD33F96-180B-4214-91AD-0044EB3E8211}"
EndProject
Global
	GlobalSection(SolutionConfigurationPlatforms) = preSolution
		Debug|Any CPU = Debug|Any CPU
		Release|Any CPU = Release|Any CPU
	EndGlobalSection
	GlobalSection(ProjectConfigurationPlatforms) = postSolution
		{7AD33F96-180B-4214-91AD-0044EB3E8211}.Debug|Any CPU.ActiveCfg = Debug|Any CPU
		{7AD33F96-180B-4214-91AD-0044EB3E8211}.Debug|Any CPU.Build.0 = Debug|Any CPU
		{7AD33F96-180B-4214-91AD-0044EB3E8211}.Release|Any CPU.ActiveCfg = Release|Any CPU
		{7AD33F96-180B-4214-91AD-0044EB3E8211}.Release|Any CPU.Build.0 = Release|Any CPU
	EndGlobalSection
	GlobalSection(SolutionProperties) = preSolution
		HideSolutionNode = FALSE
	EndGlobalSection
	GlobalSection(ExtensibilityGlobals) = postSolution
		SolutionGuid = {803C97D4-2B69-4D96-BE7F-66D989E47408}
	EndGlobalSection
EndGlobal
